
Microsoft Visual Studio Solution File, Format Version 12.00
# Visual Studio Version 16
VisualStudioVersion = 16.0.31702.278
MinimumVisualStudioVersion = 10.0.40219.1
Project("{FAE04EC0-301F-11D3-BF4B-00C04F79EFBC}") = "MiniGameDemo", "MiniGameDemo\MiniGameDemo.csproj", "{DD756FC8-4415-47E1-94E0-DF58CD72ED92}"
EndProject
Global
	GlobalSection(SolutionConfigurationPlatforms) = preSolution
		Debug|Any CPU = Debug|Any CPU
		Release|Any CPU = Release|Any CPU
	EndGlobalSection
	GlobalSection(ProjectConfigurationPlatforms) = postSolution
		{DD756FC8-4415-47E1-94E0-DF58CD72ED92}.Debug|Any CPU.ActiveCfg = Debug|Any CPU
		{DD756FC8-4415-47E1-94E0-DF58CD72ED92}.Debug|Any CPU.Build.0 = Debug|Any CPU
		{DD756FC8-4415-47E1-94E0-DF58CD72ED92}.Release|Any CPU.ActiveCfg = Release|Any CPU
		{DD756FC8-4415-47E1-94E0-DF58CD72ED92}.Release|Any CPU.Build.0 = Release|Any CPU
	EndGlobalSection
	GlobalSection(SolutionProperties) = preSolution
		HideSolutionNode = FALSE
	EndGlobalSection
	GlobalSection(ExtensibilityGlobals) = postSolution
		SolutionGuid = {AB05DB60-16B9-4D32-B510-5E7239BEFF27}
	EndGlobalSection
EndGlobal
